
Microsoft Visual Studio Solution File, Format Version 12.00
# Visual Studio Version 17
VisualStudioVersion = 17.7.34031.279
MinimumVisualStudioVersion = 10.0.40219.1
Project("{9A19103F-16F7-4668-BE54-9A1E7A4F7556}") = "e-commerce-api", "e-commerce-api\e-commerce-api.csproj", "{50A90241-179F-442A-9E11-22FCB23090D6}"
EndProject
Project("{9A19103F-16F7-4668-BE54-9A1E7A4F7556}") = "e-commerce-domain", "e-commerce-domain\e-commerce-domain.csproj", "{F3E72180-4820-45F6-91B5-7446BC32A320}"
EndProject
Project("{FAE04EC0-301F-11D3-BF4B-00C04F79EFBC}") = "e-commerce-console", "e-commerce-console\e-commerce-console.csproj", "{46E65B0C-EC88-404E-BD2F-6697F3DEB9B6}"
EndProject
Project("{FAE04EC0-301F-11D3-BF4B-00C04F79EFBC}") = "e-commerce-infraestructure", "e-commerce-infraestructure\e-commerce-infraestructure.csproj", "{AB1F85B9-CC91-483D-902C-DD3B8D51D441}"
EndProject
Project("{2150E333-8FDC-42A3-9474-1A3956D46DE8}") = "Tests", "Tests", "{92D5A240-6AA6-4376-9B3E-A5121BC87AA1}"
EndProject
Project("{FAE04EC0-301F-11D3-BF4B-00C04F79EFBC}") = "e-commerce-api-Tests", "Tests\e-commerce-api-Tests\e-commerce-api-Tests.csproj", "{9A3B7283-85DB-4622-8F23-CAF72C208A76}"
EndProject
Project("{FAE04EC0-301F-11D3-BF4B-00C04F79EFBC}") = "e-commerce-domain-Tests", "Tests\e-commerce-domain-Tests\e-commerce-domain-Tests.csproj", "{D8A56C8C-DD61-48F9-A96D-300FE733C859}"
EndProject
Project("{FAE04EC0-301F-11D3-BF4B-00C04F79EFBC}") = "e-commerce-infraestructure-Tests", "Tests\e-commerce-infraestructure-Tests\e-commerce-infraestructure-Tests.csproj", "{CBD1CB69-ED46-4E39-B814-FDB7EAB10038}"
EndProject
Project("{FAE04EC0-301F-11D3-BF4B-00C04F79EFBC}") = "e-commerce-application", "e-commerce-application\e-commerce-application.csproj", "{F594B655-2EA2-4D05-9D81-F13666A4C11E}"
EndProject
Project("{FAE04EC0-301F-11D3-BF4B-00C04F79EFBC}") = "e-commerce-applicaitonTests", "Tests\e-commerce-applicaitonTests\e-commerce-applicaitonTests.csproj", "{0FE7E405-0DC4-451E-BBBD-D1F6B168B442}"
EndProject
Global
	GlobalSection(SolutionConfigurationPlatforms) = preSolution
		Debug|Any CPU = Debug|Any CPU
		Release|Any CPU = Release|Any CPU
	EndGlobalSection
	GlobalSection(ProjectConfigurationPlatforms) = postSolution
		{50A90241-179F-442A-9E11-22FCB23090D6}.Debug|Any CPU.ActiveCfg = Debug|Any CPU
		{50A90241-179F-442A-9E11-22FCB23090D6}.Debug|Any CPU.Build.0 = Debug|Any CPU
		{50A90241-179F-442A-9E11-22FCB23090D6}.Release|Any CPU.ActiveCfg = Release|Any CPU
		{50A90241-179F-442A-9E11-22FCB23090D6}.Release|Any CPU.Build.0 = Release|Any CPU
		{F3E72180-4820-45F6-91B5-7446BC32A320}.Debug|Any CPU.ActiveCfg = Debug|Any CPU
		{F3E72180-4820-45F6-91B5-7446BC32A320}.Debug|Any CPU.Build.0 = Debug|Any CPU
		{F3E72180-4820-45F6-91B5-7446BC32A320}.Release|Any CPU.ActiveCfg = Release|Any CPU
		{F3E72180-4820-45F6-91B5-7446BC32A320}.Release|Any CPU.Build.0 = Release|Any CPU
		{46E65B0C-EC88-404E-BD2F-6697F3DEB9B6}.Debug|Any CPU.ActiveCfg = Debug|Any CPU
		{46E65B0C-EC88-404E-BD2F-6697F3DEB9B6}.Debug|Any CPU.Build.0 = Debug|Any CPU
		{46E65B0C-EC88-404E-BD2F-6697F3DEB9B6}.Release|Any CPU.ActiveCfg = Release|Any CPU
		{46E65B0C-EC88-404E-BD2F-6697F3DEB9B6}.Release|Any CPU.Build.0 = Release|Any CPU
		{AB1F85B9-CC91-483D-902C-DD3B8D51D441}.Debug|Any CPU.ActiveCfg = Debug|Any CPU
		{AB1F85B9-CC91-483D-902C-DD3B8D51D441}.Debug|Any CPU.Build.0 = Debug|Any CPU
		{AB1F85B9-CC91-483D-902C-DD3B8D51D441}.Release|Any CPU.ActiveCfg = Release|Any CPU
		{AB1F85B9-CC91-483D-902C-DD3B8D51D441}.Release|Any CPU.Build.0 = Release|Any CPU
		{9A3B7283-85DB-4622-8F23-CAF72C208A76}.Debug|Any CPU.ActiveCfg = Debug|Any CPU
		{9A3B7283-85DB-4622-8F23-CAF72C208A76}.Debug|Any CPU.Build.0 = Debug|Any CPU
		{9A3B7283-85DB-4622-8F23-CAF72C208A76}.Release|Any CPU.ActiveCfg = Release|Any CPU
		{9A3B7283-85DB-4622-8F23-CAF72C208A76}.Release|Any CPU.Build.0 = Release|Any CPU
		{D8A56C8C-DD61-48F9-A96D-300FE733C859}.Debug|Any CPU.ActiveCfg = Debug|Any CPU
		{D8A56C8C-DD61-48F9-A96D-300FE733C859}.Debug|Any CPU.Build.0 = Debug|Any CPU
		{D8A56C8C-DD61-48F9-A96D-300FE733C859}.Release|Any CPU.ActiveCfg = Release|Any CPU
		{D8A56C8C-DD61-48F9-A96D-300FE733C859}.Release|Any CPU.Build.0 = Release|Any CPU
		{CBD1CB69-ED46-4E39-B814-FDB7EAB10038}.Debug|Any CPU.ActiveCfg = Debug|Any CPU
		{CBD1CB69-ED46-4E39-B814-FDB7EAB10038}.Debug|Any CPU.Build.0 = Debug|Any CPU
		{CBD1CB69-ED46-4E39-B814-FDB7EAB10038}.Release|Any CPU.ActiveCfg = Release|Any CPU
		{CBD1CB69-ED46-4E39-B814-FDB7EAB10038}.Release|Any CPU.Build.0 = Release|Any CPU
		{F594B655-2EA2-4D05-9D81-F13666A4C11E}.Debug|Any CPU.ActiveCfg = Debug|Any CPU
		{F594B655-2EA2-4D05-9D81-F13666A4C11E}.Debug|Any CPU.Build.0 = Debug|Any CPU
		{F594B655-2EA2-4D05-9D81-F13666A4C11E}.Release|Any CPU.ActiveCfg = Release|Any CPU
		{F594B655-2EA2-4D05-9D81-F13666A4C11E}.Release|Any CPU.Build.0 = Release|Any CPU
		{0FE7E405-0DC4-451E-BBBD-D1F6B168B442}.Debug|Any CPU.ActiveCfg = Debug|Any CPU
		{0FE7E405-0DC4-451E-BBBD-D1F6B168B442}.Debug|Any CPU.Build.0 = Debug|Any CPU
		{0FE7E405-0DC4-451E-BBBD-D1F6B168B442}.Release|Any CPU.ActiveCfg = Release|Any CPU
		{0FE7E405-0DC4-451E-BBBD-D1F6B168B442}.Release|Any CPU.Build.0 = Release|Any CPU
	EndGlobalSection
	GlobalSection(SolutionProperties) = preSolution
		HideSolutionNode = FALSE
	EndGlobalSection
	GlobalSection(NestedProjects) = preSolution
		{9A3B7283-85DB-4622-8F23-CAF72C208A76} = {92D5A240-6AA6-4376-9B3E-A5121BC87AA1}
		{D8A56C8C-DD61-48F9-A96D-300FE733C859} = {92D5A240-6AA6-4376-9B3E-A5121BC87AA1}
		{CBD1CB69-ED46-4E39-B814-FDB7EAB10038} = {92D5A240-6AA6-4376-9B3E-A5121BC87AA1}
		{0FE7E405-0DC4-451E-BBBD-D1F6B168B442} = {92D5A240-6AA6-4376-9B3E-A5121BC87AA1}
	EndGlobalSection
	GlobalSection(ExtensibilityGlobals) = postSolution
		SolutionGuid = {9C6E9010-73BB-4D9F-B719-FB77B4AAF52C}
	EndGlobalSection
EndGlobal
